{
  "name": "test-packages",
  "version": "1.0.0",
  "lockfileVersion": 3,
  "requires": true,
  "packages": {
    "": {
      "name": "test-packages",
      "version": "1.0.0",
      "license": "MIT",
      "dependencies": {
        "@hics/mono-one": "^4.0.1",
        "@hics/mono-two": "^4.0.1"
      }
    },
    "node_modules/@hics/mono-one": {
      "version": "4.0.1",
      "resolved": "https://prafull.jfrog.io/artifactory/api/npm/npm/@hics/mono-one/-/@hics/mono-one-4.0.1.tgz",
      "integrity": "sha512-mbDYRW9rMbw7JVh60iAzDBUlL33FLb1DmRhDxGCfzUAv1QN1ZPBn1LRFCc4zXDtbxBiRTZOft7SfT1yTzIWHTg=="
    },
    "node_modules/@hics/mono-two": {
      "version": "4.0.1",
      "resolved": "https://prafull.jfrog.io/artifactory/api/npm/npm/@hics/mono-two/-/@hics/mono-two-4.0.1.tgz",
      "integrity": "sha512-bFsLK3XeMMLrZHkfOiFy0v2NshVKVc0p2VD0aiJp6gJPjSctHKjFC3YFhIAT8DkKE31z8Yt8P+HVXPkR7kGNiw==",
      "dependencies": {
        "@hics/mono-one": "^4.0.1"
      }
    }
  }
}
